
Microsoft Visual Studio Solution File, Format Version 12.00
# Visual Studio Version 17
VisualStudioVersion = 17.2.32630.192
MinimumVisualStudioVersion = 10.0.40219.1
Project("{9A19103F-16F7-4668-BE54-9A1E7A4F7556}") = "Ex_ActionTBuiltInDelegate", "Ex_ActionTBuiltInDelegate\Ex_ActionTBuiltInDelegate.csproj", "{EEC399BF-627F-4B3C-AF06-FF1521887066}"
EndProject
Project("{9A19103F-16F7-4668-BE54-9A1E7A4F7556}") = "Ex_FuncBuiltInDelegate", "Ex_FuncBuiltInDelegate\Ex_FuncBuiltInDelegate.csproj", "{238A5563-A0AF-46AD-8F5C-551D5813C501}"
EndProject
Project("{9A19103F-16F7-4668-BE54-9A1E7A4F7556}") = "Ex_ExtensionMethod", "Ex_ExtensionMethod\Ex_ExtensionMethod.csproj", "{82FD805B-92AD-4872-A86D-C431CEEC317B}"
EndProject
Project("{9A19103F-16F7-4668-BE54-9A1E7A4F7556}") = "Web_Middleware_Demo_1", "Web_Middleware_Demo_1\Web_Middleware_Demo_1.csproj", "{15679C50-F588-40AD-87BB-4E1D73547273}"
EndProject
Project("{9A19103F-16F7-4668-BE54-9A1E7A4F7556}") = "ArrayExamples", "ArrayExamples\ArrayExamples.csproj", "{B0556DD7-E8F3-4E0C-BFA2-E1307F0F856C}"
EndProject
Project("{9A19103F-16F7-4668-BE54-9A1E7A4F7556}") = "Ex_UserDefinedClass01", "Ex_UserDefinedClass01\Ex_UserDefinedClass01.csproj", "{F3D3A9E8-43EA-4044-9DA8-86571E87D7BA}"
EndProject
Project("{9A19103F-16F7-4668-BE54-9A1E7A4F7556}") = "SignalRChat", "SignalRChat\SignalRChat.csproj", "{94D7E688-F36A-4B3C-B47E-C4E5C80374B8}"
EndProject
Project("{9A19103F-16F7-4668-BE54-9A1E7A4F7556}") = "LINQGroupByDemo", "LINQGroupByDemo\LINQGroupByDemo.csproj", "{7C8BD428-F908-472D-8313-D2002C46B496}"
EndProject
Project("{9A19103F-16F7-4668-BE54-9A1E7A4F7556}") = "InheritanceDemo1", "InheritanceDemo1\InheritanceDemo1.csproj", "{9564667C-618B-4BD9-ADCF-8EC6B691019C}"
EndProject
Project("{9A19103F-16F7-4668-BE54-9A1E7A4F7556}") = "InterfaceDemo1", "InterfaceDemo1\InterfaceDemo1.csproj", "{65C92D40-A713-40D2-B9D8-77E7EBD7E424}"
EndProject
Project("{9A19103F-16F7-4668-BE54-9A1E7A4F7556}") = "WebApplicationMVC1", "WebApplicationMVC1\WebApplicationMVC1.csproj", "{45EF42C7-B24F-451F-9441-DF2B615159AD}"
EndProject
Project("{9A19103F-16F7-4668-BE54-9A1E7A4F7556}") = "Ex_DelegateDemo", "Ex_DelegateDemo\Ex_DelegateDemo.csproj", "{373D79D9-74D2-403F-A807-B4871C82A77E}"
EndProject
Project("{9A19103F-16F7-4668-BE54-9A1E7A4F7556}") = "Ex_Collection_LINQ", "Ex_Collection_LINQ\Ex_Collection_LINQ.csproj", "{426A0B2E-7527-4C0F-9884-DEEBBB35F4AB}"
EndProject
Project("{9A19103F-16F7-4668-BE54-9A1E7A4F7556}") = "WebAPIDemo1", "WebAPIDemo1\WebAPIDemo1.csproj", "{5FC40BAE-AB0C-45F6-AFE0-3D48D70FFA21}"
EndProject
Project("{9A19103F-16F7-4668-BE54-9A1E7A4F7556}") = "XMLLearningDemo", "XMLLearningDemo\XMLLearningDemo.csproj", "{D1A5437B-DE26-48E6-835C-EEEA98B07DA9}"
EndProject
Project("{9A19103F-16F7-4668-BE54-9A1E7A4F7556}") = "CustomEvent_UserDefineEvent_Demo1", "CustomEvent_UserDefineEvent_Demo1\CustomEvent_UserDefineEvent_Demo1.csproj", "{1BAB532E-9719-41D9-A74D-22907C931BAD}"
EndProject
Project("{9A19103F-16F7-4668-BE54-9A1E7A4F7556}") = "EFCoreEntityFirst", "EFCoreEntityFirst\EFCoreEntityFirst.csproj", "{41A8825C-485C-4C46-96BC-C01886A88C59}"
EndProject
Project("{9A19103F-16F7-4668-BE54-9A1E7A4F7556}") = "EFCoreScaffoldDatabase", "EFCoreScaffoldDatabase\EFCoreScaffoldDatabase.csproj", "{A5F17910-6C5B-4049-8758-A43159639F4A}"
EndProject
Project("{9A19103F-16F7-4668-BE54-9A1E7A4F7556}") = "slnEFCoreDatabaseFirst_StoreProcedure", "slnEFCoreDatabaseFirst_StoreProcedure\slnEFCoreDatabaseFirst_StoreProcedure.csproj", "{167078D4-3E53-42DA-8635-5B76CA9D1C12}"
EndProject
Project("{9A19103F-16F7-4668-BE54-9A1E7A4F7556}") = "AboutYield_Return_And_YieldBreakStatement", "AboutYield_Return_And_YieldBreakStatement\AboutYield_Return_And_YieldBreakStatement.csproj", "{6DECA778-A165-4681-9855-A0C3065202C6}"
EndProject
Project("{9A19103F-16F7-4668-BE54-9A1E7A4F7556}") = "Web_DependencyInjection_Example", "Web_DependencyInjection_Example\Web_DependencyInjection_Example.csproj", "{995B848E-6F73-407E-B0F7-43A28C092B49}"
EndProject
Project("{9A19103F-16F7-4668-BE54-9A1E7A4F7556}") = "CoreWebApp_MVC_Demo1", "CoreWebApp_MVC_Demo1\CoreWebApp_MVC_Demo1.csproj", "{F312EC38-B7DB-49EF-BC6F-6D69973B2A98}"
EndProject
Project("{FAE04EC0-301F-11D3-BF4B-00C04F79EFBC}") = "ConsoleApp_To_CreateImageFromCanvasDimension", "ConsoleApp_To_CreateImageFromCanvasDimension\ConsoleApp_To_CreateImageFromCanvasDimension.csproj", "{21E29BB5-3F77-49E2-849E-18F05CBFEC1D}"
EndProject
Global
	GlobalSection(SolutionConfigurationPlatforms) = preSolution
		Debug|Any CPU = Debug|Any CPU
		Release|Any CPU = Release|Any CPU
	EndGlobalSection
	GlobalSection(ProjectConfigurationPlatforms) = postSolution
		{EEC399BF-627F-4B3C-AF06-FF1521887066}.Debug|Any CPU.ActiveCfg = Debug|Any CPU
		{EEC399BF-627F-4B3C-AF06-FF1521887066}.Debug|Any CPU.Build.0 = Debug|Any CPU
		{EEC399BF-627F-4B3C-AF06-FF1521887066}.Release|Any CPU.ActiveCfg = Release|Any CPU
		{EEC399BF-627F-4B3C-AF06-FF1521887066}.Release|Any CPU.Build.0 = Release|Any CPU
		{238A5563-A0AF-46AD-8F5C-551D5813C501}.Debug|Any CPU.ActiveCfg = Debug|Any CPU
		{238A5563-A0AF-46AD-8F5C-551D5813C501}.Debug|Any CPU.Build.0 = Debug|Any CPU
		{238A5563-A0AF-46AD-8F5C-551D5813C501}.Release|Any CPU.ActiveCfg = Release|Any CPU
		{238A5563-A0AF-46AD-8F5C-551D5813C501}.Release|Any CPU.Build.0 = Release|Any CPU
		{82FD805B-92AD-4872-A86D-C431CEEC317B}.Debug|Any CPU.ActiveCfg = Debug|Any CPU
		{82FD805B-92AD-4872-A86D-C431CEEC317B}.Debug|Any CPU.Build.0 = Debug|Any CPU
		{82FD805B-92AD-4872-A86D-C431CEEC317B}.Release|Any CPU.ActiveCfg = Release|Any CPU
		{82FD805B-92AD-4872-A86D-C431CEEC317B}.Release|Any CPU.Build.0 = Release|Any CPU
		{15679C50-F588-40AD-87BB-4E1D73547273}.Debug|Any CPU.ActiveCfg = Debug|Any CPU
		{15679C50-F588-40AD-87BB-4E1D73547273}.Debug|Any CPU.Build.0 = Debug|Any CPU
		{15679C50-F588-40AD-87BB-4E1D73547273}.Release|Any CPU.ActiveCfg = Release|Any CPU
		{15679C50-F588-40AD-87BB-4E1D73547273}.Release|Any CPU.Build.0 = Release|Any CPU
		{B0556DD7-E8F3-4E0C-BFA2-E1307F0F856C}.Debug|Any CPU.ActiveCfg = Debug|Any CPU
		{B0556DD7-E8F3-4E0C-BFA2-E1307F0F856C}.Debug|Any CPU.Build.0 = Debug|Any CPU
		{B0556DD7-E8F3-4E0C-BFA2-E1307F0F856C}.Release|Any CPU.ActiveCfg = Release|Any CPU
		{B0556DD7-E8F3-4E0C-BFA2-E1307F0F856C}.Release|Any CPU.Build.0 = Release|Any CPU
		{F3D3A9E8-43EA-4044-9DA8-86571E87D7BA}.Debug|Any CPU.ActiveCfg = Debug|Any CPU
		{F3D3A9E8-43EA-4044-9DA8-86571E87D7BA}.Debug|Any CPU.Build.0 = Debug|Any CPU
		{F3D3A9E8-43EA-4044-9DA8-86571E87D7BA}.Release|Any CPU.ActiveCfg = Release|Any CPU
		{F3D3A9E8-43EA-4044-9DA8-86571E87D7BA}.Release|Any CPU.Build.0 = Release|Any CPU
		{94D7E688-F36A-4B3C-B47E-C4E5C80374B8}.Debug|Any CPU.ActiveCfg = Debug|Any CPU
		{94D7E688-F36A-4B3C-B47E-C4E5C80374B8}.Debug|Any CPU.Build.0 = Debug|Any CPU
		{94D7E688-F36A-4B3C-B47E-C4E5C80374B8}.Release|Any CPU.ActiveCfg = Release|Any CPU
		{94D7E688-F36A-4B3C-B47E-C4E5C80374B8}.Release|Any CPU.Build.0 = Release|Any CPU
		{7C8BD428-F908-472D-8313-D2002C46B496}.Debug|Any CPU.ActiveCfg = Debug|Any CPU
		{7C8BD428-F908-472D-8313-D2002C46B496}.Debug|Any CPU.Build.0 = Debug|Any CPU
		{7C8BD428-F908-472D-8313-D2002C46B496}.Release|Any CPU.ActiveCfg = Release|Any CPU
		{7C8BD428-F908-472D-8313-D2002C46B496}.Release|Any CPU.Build.0 = Release|Any CPU
		{9564667C-618B-4BD9-ADCF-8EC6B691019C}.Debug|Any CPU.ActiveCfg = Debug|Any CPU
		{9564667C-618B-4BD9-ADCF-8EC6B691019C}.Debug|Any CPU.Build.0 = Debug|Any CPU
		{9564667C-618B-4BD9-ADCF-8EC6B691019C}.Release|Any CPU.ActiveCfg = Release|Any CPU
		{9564667C-618B-4BD9-ADCF-8EC6B691019C}.Release|Any CPU.Build.0 = Release|Any CPU
		{65C92D40-A713-40D2-B9D8-77E7EBD7E424}.Debug|Any CPU.ActiveCfg = Debug|Any CPU
		{65C92D40-A713-40D2-B9D8-77E7EBD7E424}.Debug|Any CPU.Build.0 = Debug|Any CPU
		{65C92D40-A713-40D2-B9D8-77E7EBD7E424}.Release|Any CPU.ActiveCfg = Release|Any CPU
		{65C92D40-A713-40D2-B9D8-77E7EBD7E424}.Release|Any CPU.Build.0 = Release|Any CPU
		{45EF42C7-B24F-451F-9441-DF2B615159AD}.Debug|Any CPU.ActiveCfg = Debug|Any CPU
		{45EF42C7-B24F-451F-9441-DF2B615159AD}.Debug|Any CPU.Build.0 = Debug|Any CPU
		{45EF42C7-B24F-451F-9441-DF2B615159AD}.Release|Any CPU.ActiveCfg = Release|Any CPU
		{45EF42C7-B24F-451F-9441-DF2B615159AD}.Release|Any CPU.Build.0 = Release|Any CPU
		{373D79D9-74D2-403F-A807-B4871C82A77E}.Debug|Any CPU.ActiveCfg = Debug|Any CPU
		{373D79D9-74D2-403F-A807-B4871C82A77E}.Debug|Any CPU.Build.0 = Debug|Any CPU
		{373D79D9-74D2-403F-A807-B4871C82A77E}.Release|Any CPU.ActiveCfg = Release|Any CPU
		{373D79D9-74D2-403F-A807-B4871C82A77E}.Release|Any CPU.Build.0 = Release|Any CPU
		{426A0B2E-7527-4C0F-9884-DEEBBB35F4AB}.Debug|Any CPU.ActiveCfg = Debug|Any CPU
		{426A0B2E-7527-4C0F-9884-DEEBBB35F4AB}.Debug|Any CPU.Build.0 = Debug|Any CPU
		{426A0B2E-7527-4C0F-9884-DEEBBB35F4AB}.Release|Any CPU.ActiveCfg = Release|Any CPU
		{426A0B2E-7527-4C0F-9884-DEEBBB35F4AB}.Release|Any CPU.Build.0 = Release|Any CPU
		{5FC40BAE-AB0C-45F6-AFE0-3D48D70FFA21}.Debug|Any CPU.ActiveCfg = Debug|Any CPU
		{5FC40BAE-AB0C-45F6-AFE0-3D48D70FFA21}.Debug|Any CPU.Build.0 = Debug|Any CPU
		{5FC40BAE-AB0C-45F6-AFE0-3D48D70FFA21}.Release|Any CPU.ActiveCfg = Release|Any CPU
		{5FC40BAE-AB0C-45F6-AFE0-3D48D70FFA21}.Release|Any CPU.Build.0 = Release|Any CPU
		{D1A5437B-DE26-48E6-835C-EEEA98B07DA9}.Debug|Any CPU.ActiveCfg = Debug|Any CPU
		{D1A5437B-DE26-48E6-835C-EEEA98B07DA9}.Debug|Any CPU.Build.0 = Debug|Any CPU
		{D1A5437B-DE26-48E6-835C-EEEA98B07DA9}.Release|Any CPU.ActiveCfg = Release|Any CPU
		{D1A5437B-DE26-48E6-835C-EEEA98B07DA9}.Release|Any CPU.Build.0 = Release|Any CPU
		{1BAB532E-9719-41D9-A74D-22907C931BAD}.Debug|Any CPU.ActiveCfg = Debug|Any CPU
		{1BAB532E-9719-41D9-A74D-22907C931BAD}.Debug|Any CPU.Build.0 = Debug|Any CPU
		{1BAB532E-9719-41D9-A74D-22907C931BAD}.Release|Any CPU.ActiveCfg = Release|Any CPU
		{1BAB532E-9719-41D9-A74D-22907C931BAD}.Release|Any CPU.Build.0 = Release|Any CPU
		{41A8825C-485C-4C46-96BC-C01886A88C59}.Debug|Any CPU.ActiveCfg = Debug|Any CPU
		{41A8825C-485C-4C46-96BC-C01886A88C59}.Debug|Any CPU.Build.0 = Debug|Any CPU
		{41A8825C-485C-4C46-96BC-C01886A88C59}.Release|Any CPU.ActiveCfg = Release|Any CPU
		{41A8825C-485C-4C46-96BC-C01886A88C59}.Release|Any CPU.Build.0 = Release|Any CPU
		{A5F17910-6C5B-4049-8758-A43159639F4A}.Debug|Any CPU.ActiveCfg = Debug|Any CPU
		{A5F17910-6C5B-4049-8758-A43159639F4A}.Debug|Any CPU.Build.0 = Debug|Any CPU
		{A5F17910-6C5B-4049-8758-A43159639F4A}.Release|Any CPU.ActiveCfg = Release|Any CPU
		{A5F17910-6C5B-4049-8758-A43159639F4A}.Release|Any CPU.Build.0 = Release|Any CPU
		{167078D4-3E53-42DA-8635-5B76CA9D1C12}.Debug|Any CPU.ActiveCfg = Debug|Any CPU
		{167078D4-3E53-42DA-8635-5B76CA9D1C12}.Debug|Any CPU.Build.0 = Debug|Any CPU
		{167078D4-3E53-42DA-8635-5B76CA9D1C12}.Release|Any CPU.ActiveCfg = Release|Any CPU
		{167078D4-3E53-42DA-8635-5B76CA9D1C12}.Release|Any CPU.Build.0 = Release|Any CPU
		{6DECA778-A165-4681-9855-A0C3065202C6}.Debug|Any CPU.ActiveCfg = Debug|Any CPU
		{6DECA778-A165-4681-9855-A0C3065202C6}.Debug|Any CPU.Build.0 = Debug|Any CPU
		{6DECA778-A165-4681-9855-A0C3065202C6}.Release|Any CPU.ActiveCfg = Release|Any CPU
		{6DECA778-A165-4681-9855-A0C3065202C6}.Release|Any CPU.Build.0 = Release|Any CPU
		{995B848E-6F73-407E-B0F7-43A28C092B49}.Debug|Any CPU.ActiveCfg = Debug|Any CPU
		{995B848E-6F73-407E-B0F7-43A28C092B49}.Debug|Any CPU.Build.0 = Debug|Any CPU
		{995B848E-6F73-407E-B0F7-43A28C092B49}.Release|Any CPU.ActiveCfg = Release|Any CPU
		{995B848E-6F73-407E-B0F7-43A28C092B49}.Release|Any CPU.Build.0 = Release|Any CPU
		{F312EC38-B7DB-49EF-BC6F-6D69973B2A98}.Debug|Any CPU.ActiveCfg = Debug|Any CPU
		{F312EC38-B7DB-49EF-BC6F-6D69973B2A98}.Debug|Any CPU.Build.0 = Debug|Any CPU
		{F312EC38-B7DB-49EF-BC6F-6D69973B2A98}.Release|Any CPU.ActiveCfg = Release|Any CPU
		{F312EC38-B7DB-49EF-BC6F-6D69973B2A98}.Release|Any CPU.Build.0 = Release|Any CPU
		{21E29BB5-3F77-49E2-849E-18F05CBFEC1D}.Debug|Any CPU.ActiveCfg = Debug|Any CPU
		{21E29BB5-3F77-49E2-849E-18F05CBFEC1D}.Debug|Any CPU.Build.0 = Debug|Any CPU
		{21E29BB5-3F77-49E2-849E-18F05CBFEC1D}.Release|Any CPU.ActiveCfg = Release|Any CPU
		{21E29BB5-3F77-49E2-849E-18F05CBFEC1D}.Release|Any CPU.Build.0 = Release|Any CPU
	EndGlobalSection
	GlobalSection(SolutionProperties) = preSolution
		HideSolutionNode = FALSE
	EndGlobalSection
	GlobalSection(ExtensibilityGlobals) = postSolution
		SolutionGuid = {9E46749D-3A07-4D19-86BB-047916777677}
	EndGlobalSection
EndGlobal
